
Microsoft Visual Studio Solution File, Format Version 12.00
# Visual Studio Version 16
VisualStudioVersion = 16.0.31729.503
MinimumVisualStudioVersion = 10.0.40219.1
Project("{FAE04EC0-301F-11D3-BF4B-00C04F79EFBC}") = "UdemyBlazorHiddenVilla_Server", "UdemyBlazorHiddenVilla_Server\UdemyBlazorHiddenVilla_Server.csproj", "{240F7DBE-7B36-4898-B13D-C6E2A7D33A25}"
EndProject
Global
	GlobalSection(SolutionConfigurationPlatforms) = preSolution
		Debug|Any CPU = Debug|Any CPU
		Release|Any CPU = Release|Any CPU
	EndGlobalSection
	GlobalSection(ProjectConfigurationPlatforms) = postSolution
		{240F7DBE-7B36-4898-B13D-C6E2A7D33A25}.Debug|Any CPU.ActiveCfg = Debug|Any CPU
		{240F7DBE-7B36-4898-B13D-C6E2A7D33A25}.Debug|Any CPU.Build.0 = Debug|Any CPU
		{240F7DBE-7B36-4898-B13D-C6E2A7D33A25}.Release|Any CPU.ActiveCfg = Release|Any CPU
		{240F7DBE-7B36-4898-B13D-C6E2A7D33A25}.Release|Any CPU.Build.0 = Release|Any CPU
	EndGlobalSection
	GlobalSection(SolutionProperties) = preSolution
		HideSolutionNode = FALSE
	EndGlobalSection
	GlobalSection(ExtensibilityGlobals) = postSolution
		SolutionGuid = {20413292-F385-4C20-AA5A-D3F6EBE865E7}
	EndGlobalSection
EndGlobal
